
Microsoft Visual Studio Solution File, Format Version 12.00
# Visual Studio Version 16
VisualStudioVersion = 16.0.34301.259
MinimumVisualStudioVersion = 10.0.40219.1
Project("{FAE04EC0-301F-11D3-BF4B-00C04F79EFBC}") = "HW26082024", "HW26082024\HW26082024.csproj", "{CC6CB982-DF49-4715-A082-7FF38EF6F4E8}"
EndProject
Global
	GlobalSection(SolutionConfigurationPlatforms) = preSolution
		Debug|Any CPU = Debug|Any CPU
		Release|Any CPU = Release|Any CPU
	EndGlobalSection
	GlobalSection(ProjectConfigurationPlatforms) = postSolution
		{CC6CB982-DF49-4715-A082-7FF38EF6F4E8}.Debug|Any CPU.ActiveCfg = Debug|Any CPU
		{CC6CB982-DF49-4715-A082-7FF38EF6F4E8}.Debug|Any CPU.Build.0 = Debug|Any CPU
		{CC6CB982-DF49-4715-A082-7FF38EF6F4E8}.Release|Any CPU.ActiveCfg = Release|Any CPU
		{CC6CB982-DF49-4715-A082-7FF38EF6F4E8}.Release|Any CPU.Build.0 = Release|Any CPU
	EndGlobalSection
	GlobalSection(SolutionProperties) = preSolution
		HideSolutionNode = FALSE
	EndGlobalSection
	GlobalSection(ExtensibilityGlobals) = postSolution
		SolutionGuid = {D354B4F2-2073-4934-A18A-6E6996CA39DC}
	EndGlobalSection
EndGlobal
